<Solution>
  <Project Path="Biblioteca.Api/LibrarySystem.Api.csproj" Id="56816d78-c072-413c-9375-7948e6205b46" />
  <Project Path="LibrarySystem.Applications/LibrarySystem.Applications.csproj" Id="67ad086b-7b5a-4fea-98a2-0abd744800be" />
  <Project Path="LibrarySystem.Domain/LibrarySystem.Domain.csproj" Id="1267c32b-74ee-452b-9dd2-50f2b40b74aa" />
  <Project Path="LibrarySystem.Infrastructure/LibrarySystem.Infrastructure.csproj" Id="9f9ab3ac-0bb8-4772-9a19-e72d06406056" />
</Solution>
